PODS:
  - ClippingBezier (1.1.2):
    - PerformanceBezier (~> 1.0.11)
  - PerformanceBezier (1.0.27)

DEPENDENCIES:
  - ClippingBezier (from `.`)
  - PerformanceBezier (~> 1.0)

SPEC REPOS:
  trunk:
    - PerformanceBezier

EXTERNAL SOURCES:
  ClippingBezier:
    :path: "."

SPEC CHECKSUMS:
  ClippingBezier: 8dead7b1dda458e067308ec8d19486e2bc5f5142
  PerformanceBezier: 1450a43c4e4247e9c77419db04694dc52a1626db

PODFILE CHECKSUM: 0a4a9e992358239f10efc21bf58e74be000cba86

COCOAPODS: 1.10.0
